schema: '2.0'
stages:
  prepare:
    cmd: python src/prepare.py data/data.xml
    deps:
    - path: data/data.xml
      md5: a304afb96060aad90176268345e10355
      size: 37891850
    - path: src/prepare.py
      md5: 743cee850e9a68c24352e9b858da810e
      size: 1772
    params:
      params.yaml:
        prepare.seed: 20170428
        prepare.split: 0.2
    outs:
    - path: data/prepared
      md5: 20b786b6e6f80e2b3fcf17827ad18597.dir
      size: 23886319
      nfiles: 2
  featurize:
    cmd: python src/featurization.py data/prepared data/features
    deps:
    - path: data/prepared
      md5: 20b786b6e6f80e2b3fcf17827ad18597.dir
      size: 23886319
      nfiles: 2
    - path: src/featurization.py
      md5: f5e84b1619306bf030a206048a3231a0
      size: 2651
    params:
      params.yaml:
        featurize.max_features: 500
        featurize.ngrams: 1
    outs:
    - path: data/features
      md5: b4d13e5525577c1e4cbd31eafd1623d0.dir
      size: 7083901
      nfiles: 2
  train:
    cmd: python src/train.py data/features model.pkl
    deps:
    - path: data/features
      md5: b4d13e5525577c1e4cbd31eafd1623d0.dir
      size: 7083901
      nfiles: 2
    - path: src/train.py
      md5: d3196aa05378465cecda7810f4c97aa6
      size: 1155
    params:
      params.yaml:
        train.min_split: 2
        train.n_est: 50
        train.seed: 20170428
    outs:
    - path: model.pkl
      md5: 9db4774fe0fd46bec983ae3fb2945760
      size: 2658152
  evaluate:
    cmd: python src/evaluate.py model.pkl data/features scores.json prc.json roc.json
    deps:
    - path: data/features
      md5: b4d13e5525577c1e4cbd31eafd1623d0.dir
      size: 7083901
      nfiles: 2
    - path: model.pkl
      md5: 9db4774fe0fd46bec983ae3fb2945760
      size: 2658152
    - path: src/evaluate.py
      md5: 17773b4f3648f540985dbd8aa5275545
      size: 2227
    outs:
    - path: prc.json
      md5: ecfb2f2057eac913c2ce68876ced720c
      size: 4200
    - path: roc.json
      md5: 39fe83b2308b564573ba6d118688dbad
      size: 3952
    - path: scores.json
      md5: b614944af6d91184999762e360238513
      size: 76
